
Microsoft Visual Studio Solution File, Format Version 12.00
# Visual Studio Version 17
VisualStudioVersion = 17.3.32804.467
MinimumVisualStudioVersion = 10.0.40219.1
Project("{9A19103F-16F7-4668-BE54-9A1E7A4F7556}") = "KampIntro", "KampIntro\KampIntro.csproj", "{18D18FE1-4636-4D01-A1B5-151C8FE7D3BF}"
EndProject
Project("{9A19103F-16F7-4668-BE54-9A1E7A4F7556}") = "Donguler", "Donguler\Donguler.csproj", "{55EACFD0-6F06-4228-A650-A2F0083BE0C6}"
EndProject
Project("{9A19103F-16F7-4668-BE54-9A1E7A4F7556}") = "ClassIntro", "ClassIntro\ClassIntro.csproj", "{5BDC522E-12FA-40E9-A878-771F6936E0C3}"
EndProject
Project("{9A19103F-16F7-4668-BE54-9A1E7A4F7556}") = "eTicaretÖdev", "eTicaretÖdev\eTicaretÖdev.csproj", "{DF4035F7-CCE2-49DC-B68C-BDB448F59A5D}"
EndProject
Project("{9A19103F-16F7-4668-BE54-9A1E7A4F7556}") = "Metotlar", "Metotlar\Metotlar.csproj", "{F5C33A59-9F6C-482C-8C81-102EEB800140}"
EndProject
Project("{9A19103F-16F7-4668-BE54-9A1E7A4F7556}") = "Matematik", "Matematik\Matematik.csproj", "{3141D7FE-3B82-4647-BB10-2669AA266D1C}"
EndProject
Project("{9A19103F-16F7-4668-BE54-9A1E7A4F7556}") = "DegerVeReferansTipler", "DegerVeReferansTipler\DegerVeReferansTipler.csproj", "{5C2A9648-4CEC-48E7-A1E3-774AF5B1D5A0}"
EndProject
Project("{9A19103F-16F7-4668-BE54-9A1E7A4F7556}") = "OOP1", "OOP1\OOP1.csproj", "{CFF8C8D3-742D-47EF-9C04-350EDEF27655}"
EndProject
Project("{9A19103F-16F7-4668-BE54-9A1E7A4F7556}") = "Collections", "Collections\Collections.csproj", "{ECD563A1-5D71-4091-A2EE-9489F6818660}"
EndProject
Project("{FAE04EC0-301F-11D3-BF4B-00C04F79EFBC}") = "GenericsIntro", "GenericsIntro\GenericsIntro.csproj", "{ACB1BF2C-2839-4C4E-98C0-F60E18990B0F}"
EndProject
Global
	GlobalSection(SolutionConfigurationPlatforms) = preSolution
		Debug|Any CPU = Debug|Any CPU
		Release|Any CPU = Release|Any CPU
	EndGlobalSection
	GlobalSection(ProjectConfigurationPlatforms) = postSolution
		{18D18FE1-4636-4D01-A1B5-151C8FE7D3BF}.Debug|Any CPU.ActiveCfg = Debug|Any CPU
		{18D18FE1-4636-4D01-A1B5-151C8FE7D3BF}.Debug|Any CPU.Build.0 = Debug|Any CPU
		{18D18FE1-4636-4D01-A1B5-151C8FE7D3BF}.Release|Any CPU.ActiveCfg = Release|Any CPU
		{18D18FE1-4636-4D01-A1B5-151C8FE7D3BF}.Release|Any CPU.Build.0 = Release|Any CPU
		{55EACFD0-6F06-4228-A650-A2F0083BE0C6}.Debug|Any CPU.ActiveCfg = Debug|Any CPU
		{55EACFD0-6F06-4228-A650-A2F0083BE0C6}.Debug|Any CPU.Build.0 = Debug|Any CPU
		{55EACFD0-6F06-4228-A650-A2F0083BE0C6}.Release|Any CPU.ActiveCfg = Release|Any CPU
		{55EACFD0-6F06-4228-A650-A2F0083BE0C6}.Release|Any CPU.Build.0 = Release|Any CPU
		{5BDC522E-12FA-40E9-A878-771F6936E0C3}.Debug|Any CPU.ActiveCfg = Debug|Any CPU
		{5BDC522E-12FA-40E9-A878-771F6936E0C3}.Debug|Any CPU.Build.0 = Debug|Any CPU
		{5BDC522E-12FA-40E9-A878-771F6936E0C3}.Release|Any CPU.ActiveCfg = Release|Any CPU
		{5BDC522E-12FA-40E9-A878-771F6936E0C3}.Release|Any CPU.Build.0 = Release|Any CPU
		{DF4035F7-CCE2-49DC-B68C-BDB448F59A5D}.Debug|Any CPU.ActiveCfg = Debug|Any CPU
		{DF4035F7-CCE2-49DC-B68C-BDB448F59A5D}.Debug|Any CPU.Build.0 = Debug|Any CPU
		{DF4035F7-CCE2-49DC-B68C-BDB448F59A5D}.Release|Any CPU.ActiveCfg = Release|Any CPU
		{DF4035F7-CCE2-49DC-B68C-BDB448F59A5D}.Release|Any CPU.Build.0 = Release|Any CPU
		{F5C33A59-9F6C-482C-8C81-102EEB800140}.Debug|Any CPU.ActiveCfg = Debug|Any CPU
		{F5C33A59-9F6C-482C-8C81-102EEB800140}.Debug|Any CPU.Build.0 = Debug|Any CPU
		{F5C33A59-9F6C-482C-8C81-102EEB800140}.Release|Any CPU.ActiveCfg = Release|Any CPU
		{F5C33A59-9F6C-482C-8C81-102EEB800140}.Release|Any CPU.Build.0 = Release|Any CPU
		{3141D7FE-3B82-4647-BB10-2669AA266D1C}.Debug|Any CPU.ActiveCfg = Debug|Any CPU
		{3141D7FE-3B82-4647-BB10-2669AA266D1C}.Debug|Any CPU.Build.0 = Debug|Any CPU
		{3141D7FE-3B82-4647-BB10-2669AA266D1C}.Release|Any CPU.ActiveCfg = Release|Any CPU
		{3141D7FE-3B82-4647-BB10-2669AA266D1C}.Release|Any CPU.Build.0 = Release|Any CPU
		{5C2A9648-4CEC-48E7-A1E3-774AF5B1D5A0}.Debug|Any CPU.ActiveCfg = Debug|Any CPU
		{5C2A9648-4CEC-48E7-A1E3-774AF5B1D5A0}.Debug|Any CPU.Build.0 = Debug|Any CPU
		{5C2A9648-4CEC-48E7-A1E3-774AF5B1D5A0}.Release|Any CPU.ActiveCfg = Release|Any CPU
		{5C2A9648-4CEC-48E7-A1E3-774AF5B1D5A0}.Release|Any CPU.Build.0 = Release|Any CPU
		{CFF8C8D3-742D-47EF-9C04-350EDEF27655}.Debug|Any CPU.ActiveCfg = Debug|Any CPU
		{CFF8C8D3-742D-47EF-9C04-350EDEF27655}.Debug|Any CPU.Build.0 = Debug|Any CPU
		{CFF8C8D3-742D-47EF-9C04-350EDEF27655}.Release|Any CPU.ActiveCfg = Release|Any CPU
		{CFF8C8D3-742D-47EF-9C04-350EDEF27655}.Release|Any CPU.Build.0 = Release|Any CPU
		{ECD563A1-5D71-4091-A2EE-9489F6818660}.Debug|Any CPU.ActiveCfg = Debug|Any CPU
		{ECD563A1-5D71-4091-A2EE-9489F6818660}.Debug|Any CPU.Build.0 = Debug|Any CPU
		{ECD563A1-5D71-4091-A2EE-9489F6818660}.Release|Any CPU.ActiveCfg = Release|Any CPU
		{ECD563A1-5D71-4091-A2EE-9489F6818660}.Release|Any CPU.Build.0 = Release|Any CPU
		{ACB1BF2C-2839-4C4E-98C0-F60E18990B0F}.Debug|Any CPU.ActiveCfg = Debug|Any CPU
		{ACB1BF2C-2839-4C4E-98C0-F60E18990B0F}.Debug|Any CPU.Build.0 = Debug|Any CPU
		{ACB1BF2C-2839-4C4E-98C0-F60E18990B0F}.Release|Any CPU.ActiveCfg = Release|Any CPU
		{ACB1BF2C-2839-4C4E-98C0-F60E18990B0F}.Release|Any CPU.Build.0 = Release|Any CPU
	EndGlobalSection
	GlobalSection(SolutionProperties) = preSolution
		HideSolutionNode = FALSE
	EndGlobalSection
	GlobalSection(ExtensibilityGlobals) = postSolution
		SolutionGuid = {42FD5083-DE50-447B-9D4B-7DEB4E39A556}
	EndGlobalSection
EndGlobal
